
Microsoft Visual Studio Solution File, Format Version 12.00
# Visual Studio 14
VisualStudioVersion = 14.0.25420.1
MinimumVisualStudioVersion = 10.0.40219.1
Project("{8BC9CEB8-8B4A-11D0-8D11-00A0C91BC942}") = "ROI", "ROI\ROI.vcxproj", "{34DFD057-1458-4E80-8ED6-B4C539F5FB08}"
EndProject
Project("{8BC9CEB8-8B4A-11D0-8D11-00A0C91BC942}") = "CaptureVideo", "CaptureVideo\CaptureVideo.vcxproj", "{57764C04-EBDE-4DDD-9A10-7B9EC6906721}"
EndProject
Project("{8BC9CEB8-8B4A-11D0-8D11-00A0C91BC942}") = "KNN", "KNN\KNN.vcxproj", "{8A309D42-E379-4058-A299-715761C174AE}"
EndProject
Project("{8BC9CEB8-8B4A-11D0-8D11-00A0C91BC942}") = "Filter", "Filter\Filter.vcxproj", "{D751FAE1-E7A5-4717-864C-64AE6A8E9934}"
EndProject
Project("{8BC9CEB8-8B4A-11D0-8D11-00A0C91BC942}") = "BasicThresholdingOperation", "BasicThresholdingOperation\BasicThresholdingOperation.vcxproj", "{6D81833B-4586-474B-AD5B-B49DBC18A181}"
EndProject
Project("{8BC9CEB8-8B4A-11D0-8D11-00A0C91BC942}") = "BasicMorphologyOperation", "BasicMorphologyOperation\BasicMorphologyOperation.vcxproj", "{6E42AD30-D5D8-4716-8CB7-3369FA6D7583}"
EndProject
Project("{8BC9CEB8-8B4A-11D0-8D11-00A0C91BC942}") = "SmoothingImage", "SmoothingImage\SmoothingImage.vcxproj", "{9EEBC794-830A-46B5-9D44-EA274D0A24B6}"
EndProject
Project("{8BC9CEB8-8B4A-11D0-8D11-00A0C91BC942}") = "MoreMorphologyOperation", "MoreMorphologyOperation\MoreMorphologyOperation.vcxproj", "{A97CD7E1-D213-48F3-A823-59C8DE0ACDEF}"
EndProject
Project("{8BC9CEB8-8B4A-11D0-8D11-00A0C91BC942}") = "LocalEntory", "LocalEntory\LocalEntory.vcxproj", "{FC915D02-CAB1-4DF7-8C1E-464DCBD2130C}"
EndProject
Project("{8BC9CEB8-8B4A-11D0-8D11-00A0C91BC942}") = "FindContours", "FindContours\FindContours.vcxproj", "{0BA794A9-FAC8-44A1-B7CC-64DF543C21B8}"
EndProject
Project("{2150E333-8FDC-42A3-9474-1A3956D46DE8}") = "3-imageproc-module", "3-imageproc-module", "{3B4C596C-6B56-4E8A-9B24-D1DEA9197098}"
EndProject
Project("{8BC9CEB8-8B4A-11D0-8D11-00A0C91BC942}") = "3.5-BasicThresholding", "3-imageproc-module\3.5-BasicThresholding\3.5-BasicThresholding.vcxproj", "{DAED49DD-1580-4E90-82A2-E6BCC75B0E88}"
EndProject
Project("{8BC9CEB8-8B4A-11D0-8D11-00A0C91BC942}") = "3.4-ImagePyramids", "3-imageproc-module\3.4-ImagePyramids\3.4-ImagePyramids.vcxproj", "{54849A58-2AB8-4950-8D4A-0C030271C2FC}"
EndProject
Project("{8BC9CEB8-8B4A-11D0-8D11-00A0C91BC942}") = "3.6-OwnLinearFilter", "3-imageproc-module\3.6-OwnLinearFilter\3.6-OwnLinearFilter.vcxproj", "{F074C5B4-1048-4210-87B3-F6DA583D99CA}"
EndProject
Project("{8BC9CEB8-8B4A-11D0-8D11-00A0C91BC942}") = "3.7-AddingBorders", "3-imageproc-module\3.7-AddingBorders\3.7-AddingBorders.vcxproj", "{174BCA8B-4025-45E4-A0F8-DB3354444830}"
EndProject
Global
	GlobalSection(SolutionConfigurationPlatforms) = preSolution
		Debug|x64 = Debug|x64
		Debug|x86 = Debug|x86
		Release|x64 = Release|x64
		Release|x86 = Release|x86
	EndGlobalSection
	GlobalSection(ProjectConfigurationPlatforms) = postSolution
		{34DFD057-1458-4E80-8ED6-B4C539F5FB08}.Debug|x64.ActiveCfg = Debug|x64
		{34DFD057-1458-4E80-8ED6-B4C539F5FB08}.Debug|x64.Build.0 = Debug|x64
		{34DFD057-1458-4E80-8ED6-B4C539F5FB08}.Debug|x86.ActiveCfg = Debug|Win32
		{34DFD057-1458-4E80-8ED6-B4C539F5FB08}.Debug|x86.Build.0 = Debug|Win32
		{34DFD057-1458-4E80-8ED6-B4C539F5FB08}.Release|x64.ActiveCfg = Release|x64
		{34DFD057-1458-4E80-8ED6-B4C539F5FB08}.Release|x64.Build.0 = Release|x64
		{34DFD057-1458-4E80-8ED6-B4C539F5FB08}.Release|x86.ActiveCfg = Release|Win32
		{34DFD057-1458-4E80-8ED6-B4C539F5FB08}.Release|x86.Build.0 = Release|Win32
		{57764C04-EBDE-4DDD-9A10-7B9EC6906721}.Debug|x64.ActiveCfg = Debug|x64
		{57764C04-EBDE-4DDD-9A10-7B9EC6906721}.Debug|x64.Build.0 = Debug|x64
		{57764C04-EBDE-4DDD-9A10-7B9EC6906721}.Debug|x86.ActiveCfg = Debug|Win32
		{57764C04-EBDE-4DDD-9A10-7B9EC6906721}.Debug|x86.Build.0 = Debug|Win32
		{57764C04-EBDE-4DDD-9A10-7B9EC6906721}.Release|x64.ActiveCfg = Release|x64
		{57764C04-EBDE-4DDD-9A10-7B9EC6906721}.Release|x64.Build.0 = Release|x64
		{57764C04-EBDE-4DDD-9A10-7B9EC6906721}.Release|x86.ActiveCfg = Release|Win32
		{57764C04-EBDE-4DDD-9A10-7B9EC6906721}.Release|x86.Build.0 = Release|Win32
		{8A309D42-E379-4058-A299-715761C174AE}.Debug|x64.ActiveCfg = Debug|x64
		{8A309D42-E379-4058-A299-715761C174AE}.Debug|x64.Build.0 = Debug|x64
		{8A309D42-E379-4058-A299-715761C174AE}.Debug|x86.ActiveCfg = Debug|Win32
		{8A309D42-E379-4058-A299-715761C174AE}.Debug|x86.Build.0 = Debug|Win32
		{8A309D42-E379-4058-A299-715761C174AE}.Release|x64.ActiveCfg = Release|x64
		{8A309D42-E379-4058-A299-715761C174AE}.Release|x64.Build.0 = Release|x64
		{8A309D42-E379-4058-A299-715761C174AE}.Release|x86.ActiveCfg = Release|Win32
		{8A309D42-E379-4058-A299-715761C174AE}.Release|x86.Build.0 = Release|Win32
		{D751FAE1-E7A5-4717-864C-64AE6A8E9934}.Debug|x64.ActiveCfg = Debug|x64
		{D751FAE1-E7A5-4717-864C-64AE6A8E9934}.Debug|x64.Build.0 = Debug|x64
		{D751FAE1-E7A5-4717-864C-64AE6A8E9934}.Debug|x86.ActiveCfg = Debug|Win32
		{D751FAE1-E7A5-4717-864C-64AE6A8E9934}.Debug|x86.Build.0 = Debug|Win32
		{D751FAE1-E7A5-4717-864C-64AE6A8E9934}.Release|x64.ActiveCfg = Release|x64
		{D751FAE1-E7A5-4717-864C-64AE6A8E9934}.Release|x64.Build.0 = Release|x64
		{D751FAE1-E7A5-4717-864C-64AE6A8E9934}.Release|x86.ActiveCfg = Release|Win32
		{D751FAE1-E7A5-4717-864C-64AE6A8E9934}.Release|x86.Build.0 = Release|Win32
		{6D81833B-4586-474B-AD5B-B49DBC18A181}.Debug|x64.ActiveCfg = Debug|x64
		{6D81833B-4586-474B-AD5B-B49DBC18A181}.Debug|x64.Build.0 = Debug|x64
		{6D81833B-4586-474B-AD5B-B49DBC18A181}.Debug|x86.ActiveCfg = Debug|Win32
		{6D81833B-4586-474B-AD5B-B49DBC18A181}.Debug|x86.Build.0 = Debug|Win32
		{6D81833B-4586-474B-AD5B-B49DBC18A181}.Release|x64.ActiveCfg = Release|x64
		{6D81833B-4586-474B-AD5B-B49DBC18A181}.Release|x64.Build.0 = Release|x64
		{6D81833B-4586-474B-AD5B-B49DBC18A181}.Release|x86.ActiveCfg = Release|Win32
		{6D81833B-4586-474B-AD5B-B49DBC18A181}.Release|x86.Build.0 = Release|Win32
		{6E42AD30-D5D8-4716-8CB7-3369FA6D7583}.Debug|x64.ActiveCfg = Debug|x64
		{6E42AD30-D5D8-4716-8CB7-3369FA6D7583}.Debug|x64.Build.0 = Debug|x64
		{6E42AD30-D5D8-4716-8CB7-3369FA6D7583}.Debug|x86.ActiveCfg = Debug|Win32
		{6E42AD30-D5D8-4716-8CB7-3369FA6D7583}.Debug|x86.Build.0 = Debug|Win32
		{6E42AD30-D5D8-4716-8CB7-3369FA6D7583}.Release|x64.ActiveCfg = Release|x64
		{6E42AD30-D5D8-4716-8CB7-3369FA6D7583}.Release|x64.Build.0 = Release|x64
		{6E42AD30-D5D8-4716-8CB7-3369FA6D7583}.Release|x86.ActiveCfg = Release|Win32
		{6E42AD30-D5D8-4716-8CB7-3369FA6D7583}.Release|x86.Build.0 = Release|Win32
		{9EEBC794-830A-46B5-9D44-EA274D0A24B6}.Debug|x64.ActiveCfg = Debug|x64
		{9EEBC794-830A-46B5-9D44-EA274D0A24B6}.Debug|x64.Build.0 = Debug|x64
		{9EEBC794-830A-46B5-9D44-EA274D0A24B6}.Debug|x86.ActiveCfg = Debug|Win32
		{9EEBC794-830A-46B5-9D44-EA274D0A24B6}.Debug|x86.Build.0 = Debug|Win32
		{9EEBC794-830A-46B5-9D44-EA274D0A24B6}.Release|x64.ActiveCfg = Release|x64
		{9EEBC794-830A-46B5-9D44-EA274D0A24B6}.Release|x64.Build.0 = Release|x64
		{9EEBC794-830A-46B5-9D44-EA274D0A24B6}.Release|x86.ActiveCfg = Release|Win32
		{9EEBC794-830A-46B5-9D44-EA274D0A24B6}.Release|x86.Build.0 = Release|Win32
		{A97CD7E1-D213-48F3-A823-59C8DE0ACDEF}.Debug|x64.ActiveCfg = Debug|x64
		{A97CD7E1-D213-48F3-A823-59C8DE0ACDEF}.Debug|x64.Build.0 = Debug|x64
		{A97CD7E1-D213-48F3-A823-59C8DE0ACDEF}.Debug|x86.ActiveCfg = Debug|Win32
		{A97CD7E1-D213-48F3-A823-59C8DE0ACDEF}.Debug|x86.Build.0 = Debug|Win32
		{A97CD7E1-D213-48F3-A823-59C8DE0ACDEF}.Release|x64.ActiveCfg = Release|x64
		{A97CD7E1-D213-48F3-A823-59C8DE0ACDEF}.Release|x64.Build.0 = Release|x64
		{A97CD7E1-D213-48F3-A823-59C8DE0ACDEF}.Release|x86.ActiveCfg = Release|Win32
		{A97CD7E1-D213-48F3-A823-59C8DE0ACDEF}.Release|x86.Build.0 = Release|Win32
		{FC915D02-CAB1-4DF7-8C1E-464DCBD2130C}.Debug|x64.ActiveCfg = Debug|x64
		{FC915D02-CAB1-4DF7-8C1E-464DCBD2130C}.Debug|x64.Build.0 = Debug|x64
		{FC915D02-CAB1-4DF7-8C1E-464DCBD2130C}.Debug|x86.ActiveCfg = Debug|Win32
		{FC915D02-CAB1-4DF7-8C1E-464DCBD2130C}.Debug|x86.Build.0 = Debug|Win32
		{FC915D02-CAB1-4DF7-8C1E-464DCBD2130C}.Release|x64.ActiveCfg = Release|x64
		{FC915D02-CAB1-4DF7-8C1E-464DCBD2130C}.Release|x64.Build.0 = Release|x64
		{FC915D02-CAB1-4DF7-8C1E-464DCBD2130C}.Release|x86.ActiveCfg = Release|Win32
		{FC915D02-CAB1-4DF7-8C1E-464DCBD2130C}.Release|x86.Build.0 = Release|Win32
		{0BA794A9-FAC8-44A1-B7CC-64DF543C21B8}.Debug|x64.ActiveCfg = Debug|x64
		{0BA794A9-FAC8-44A1-B7CC-64DF543C21B8}.Debug|x64.Build.0 = Debug|x64
		{0BA794A9-FAC8-44A1-B7CC-64DF543C21B8}.Debug|x86.ActiveCfg = Debug|Win32
		{0BA794A9-FAC8-44A1-B7CC-64DF543C21B8}.Debug|x86.Build.0 = Debug|Win32
		{0BA794A9-FAC8-44A1-B7CC-64DF543C21B8}.Release|x64.ActiveCfg = Release|x64
		{0BA794A9-FAC8-44A1-B7CC-64DF543C21B8}.Release|x64.Build.0 = Release|x64
		{0BA794A9-FAC8-44A1-B7CC-64DF543C21B8}.Release|x86.ActiveCfg = Release|Win32
		{0BA794A9-FAC8-44A1-B7CC-64DF543C21B8}.Release|x86.Build.0 = Release|Win32
		{DAED49DD-1580-4E90-82A2-E6BCC75B0E88}.Debug|x64.ActiveCfg = Debug|x64
		{DAED49DD-1580-4E90-82A2-E6BCC75B0E88}.Debug|x64.Build.0 = Debug|x64
		{DAED49DD-1580-4E90-82A2-E6BCC75B0E88}.Debug|x86.ActiveCfg = Debug|Win32
		{DAED49DD-1580-4E90-82A2-E6BCC75B0E88}.Debug|x86.Build.0 = Debug|Win32
		{DAED49DD-1580-4E90-82A2-E6BCC75B0E88}.Release|x64.ActiveCfg = Release|x64
		{DAED49DD-1580-4E90-82A2-E6BCC75B0E88}.Release|x64.Build.0 = Release|x64
		{DAED49DD-1580-4E90-82A2-E6BCC75B0E88}.Release|x86.ActiveCfg = Release|Win32
		{DAED49DD-1580-4E90-82A2-E6BCC75B0E88}.Release|x86.Build.0 = Release|Win32
		{54849A58-2AB8-4950-8D4A-0C030271C2FC}.Debug|x64.ActiveCfg = Debug|x64
		{54849A58-2AB8-4950-8D4A-0C030271C2FC}.Debug|x64.Build.0 = Debug|x64
		{54849A58-2AB8-4950-8D4A-0C030271C2FC}.Debug|x86.ActiveCfg = Debug|Win32
		{54849A58-2AB8-4950-8D4A-0C030271C2FC}.Debug|x86.Build.0 = Debug|Win32
		{54849A58-2AB8-4950-8D4A-0C030271C2FC}.Release|x64.ActiveCfg = Release|x64
		{54849A58-2AB8-4950-8D4A-0C030271C2FC}.Release|x64.Build.0 = Release|x64
		{54849A58-2AB8-4950-8D4A-0C030271C2FC}.Release|x86.ActiveCfg = Release|Win32
		{54849A58-2AB8-4950-8D4A-0C030271C2FC}.Release|x86.Build.0 = Release|Win32
		{F074C5B4-1048-4210-87B3-F6DA583D99CA}.Debug|x64.ActiveCfg = Debug|x64
		{F074C5B4-1048-4210-87B3-F6DA583D99CA}.Debug|x64.Build.0 = Debug|x64
		{F074C5B4-1048-4210-87B3-F6DA583D99CA}.Debug|x86.ActiveCfg = Debug|Win32
		{F074C5B4-1048-4210-87B3-F6DA583D99CA}.Debug|x86.Build.0 = Debug|Win32
		{F074C5B4-1048-4210-87B3-F6DA583D99CA}.Release|x64.ActiveCfg = Release|x64
		{F074C5B4-1048-4210-87B3-F6DA583D99CA}.Release|x64.Build.0 = Release|x64
		{F074C5B4-1048-4210-87B3-F6DA583D99CA}.Release|x86.ActiveCfg = Release|Win32
		{F074C5B4-1048-4210-87B3-F6DA583D99CA}.Release|x86.Build.0 = Release|Win32
		{174BCA8B-4025-45E4-A0F8-DB3354444830}.Debug|x64.ActiveCfg = Debug|x64
		{174BCA8B-4025-45E4-A0F8-DB3354444830}.Debug|x64.Build.0 = Debug|x64
		{174BCA8B-4025-45E4-A0F8-DB3354444830}.Debug|x86.ActiveCfg = Debug|Win32
		{174BCA8B-4025-45E4-A0F8-DB3354444830}.Debug|x86.Build.0 = Debug|Win32
		{174BCA8B-4025-45E4-A0F8-DB3354444830}.Release|x64.ActiveCfg = Release|x64
		{174BCA8B-4025-45E4-A0F8-DB3354444830}.Release|x64.Build.0 = Release|x64
		{174BCA8B-4025-45E4-A0F8-DB3354444830}.Release|x86.ActiveCfg = Release|Win32
		{174BCA8B-4025-45E4-A0F8-DB3354444830}.Release|x86.Build.0 = Release|Win32
	EndGlobalSection
	GlobalSection(SolutionProperties) = preSolution
		HideSolutionNode = FALSE
	EndGlobalSection
	GlobalSection(NestedProjects) = preSolution
		{DAED49DD-1580-4E90-82A2-E6BCC75B0E88} = {3B4C596C-6B56-4E8A-9B24-D1DEA9197098}
		{54849A58-2AB8-4950-8D4A-0C030271C2FC} = {3B4C596C-6B56-4E8A-9B24-D1DEA9197098}
		{F074C5B4-1048-4210-87B3-F6DA583D99CA} = {3B4C596C-6B56-4E8A-9B24-D1DEA9197098}
		{174BCA8B-4025-45E4-A0F8-DB3354444830} = {3B4C596C-6B56-4E8A-9B24-D1DEA9197098}
	EndGlobalSection
EndGlobal
