
Microsoft Visual Studio Solution File, Format Version 12.00
# Visual Studio 15
VisualStudioVersion = 15.0.26430.15
MinimumVisualStudioVersion = 10.0.40219.1
Project("{8BC9CEB8-8B4A-11D0-8D11-00A0C91BC942}") = "ROI", "ROI\ROI.vcxproj", "{34DFD057-1458-4E80-8ED6-B4C539F5FB08}"
EndProject
Project("{8BC9CEB8-8B4A-11D0-8D11-00A0C91BC942}") = "CaptureVideo", "CaptureVideo\CaptureVideo.vcxproj", "{57764C04-EBDE-4DDD-9A10-7B9EC6906721}"
EndProject
Project("{8BC9CEB8-8B4A-11D0-8D11-00A0C91BC942}") = "KNN", "KNN\KNN.vcxproj", "{8A309D42-E379-4058-A299-715761C174AE}"
EndProject
Project("{8BC9CEB8-8B4A-11D0-8D11-00A0C91BC942}") = "Filter", "Filter\Filter.vcxproj", "{D751FAE1-E7A5-4717-864C-64AE6A8E9934}"
EndProject
Project("{8BC9CEB8-8B4A-11D0-8D11-00A0C91BC942}") = "BasicThresholdingOperation", "BasicThresholdingOperation\BasicThresholdingOperation.vcxproj", "{6D81833B-4586-474B-AD5B-B49DBC18A181}"
EndProject
Project("{8BC9CEB8-8B4A-11D0-8D11-00A0C91BC942}") = "BasicMorphologyOperation", "BasicMorphologyOperation\BasicMorphologyOperation.vcxproj", "{6E42AD30-D5D8-4716-8CB7-3369FA6D7583}"
EndProject
Project("{8BC9CEB8-8B4A-11D0-8D11-00A0C91BC942}") = "SmoothingImage", "SmoothingImage\SmoothingImage.vcxproj", "{9EEBC794-830A-46B5-9D44-EA274D0A24B6}"
EndProject
Project("{8BC9CEB8-8B4A-11D0-8D11-00A0C91BC942}") = "MoreMorphologyOperation", "MoreMorphologyOperation\MoreMorphologyOperation.vcxproj", "{A97CD7E1-D213-48F3-A823-59C8DE0ACDEF}"
EndProject
Project("{8BC9CEB8-8B4A-11D0-8D11-00A0C91BC942}") = "LocalEntory", "LocalEntory\LocalEntory.vcxproj", "{FC915D02-CAB1-4DF7-8C1E-464DCBD2130C}"
EndProject
Global
	GlobalSection(SolutionConfigurationPlatforms) = preSolution
		Debug|x64 = Debug|x64
		Debug|x86 = Debug|x86
		Release|x64 = Release|x64
		Release|x86 = Release|x86
	EndGlobalSection
	GlobalSection(ProjectConfigurationPlatforms) = postSolution
		{34DFD057-1458-4E80-8ED6-B4C539F5FB08}.Debug|x64.ActiveCfg = Debug|x64
		{34DFD057-1458-4E80-8ED6-B4C539F5FB08}.Debug|x64.Build.0 = Debug|x64
		{34DFD057-1458-4E80-8ED6-B4C539F5FB08}.Debug|x86.ActiveCfg = Debug|Win32
		{34DFD057-1458-4E80-8ED6-B4C539F5FB08}.Debug|x86.Build.0 = Debug|Win32
		{34DFD057-1458-4E80-8ED6-B4C539F5FB08}.Release|x64.ActiveCfg = Release|x64
		{34DFD057-1458-4E80-8ED6-B4C539F5FB08}.Release|x64.Build.0 = Release|x64
		{34DFD057-1458-4E80-8ED6-B4C539F5FB08}.Release|x86.ActiveCfg = Release|Win32
		{34DFD057-1458-4E80-8ED6-B4C539F5FB08}.Release|x86.Build.0 = Release|Win32
		{57764C04-EBDE-4DDD-9A10-7B9EC6906721}.Debug|x64.ActiveCfg = Debug|x64
		{57764C04-EBDE-4DDD-9A10-7B9EC6906721}.Debug|x64.Build.0 = Debug|x64
		{57764C04-EBDE-4DDD-9A10-7B9EC6906721}.Debug|x86.ActiveCfg = Debug|Win32
		{57764C04-EBDE-4DDD-9A10-7B9EC6906721}.Debug|x86.Build.0 = Debug|Win32
		{57764C04-EBDE-4DDD-9A10-7B9EC6906721}.Release|x64.ActiveCfg = Release|x64
		{57764C04-EBDE-4DDD-9A10-7B9EC6906721}.Release|x64.Build.0 = Release|x64
		{57764C04-EBDE-4DDD-9A10-7B9EC6906721}.Release|x86.ActiveCfg = Release|Win32
		{57764C04-EBDE-4DDD-9A10-7B9EC6906721}.Release|x86.Build.0 = Release|Win32
		{8A309D42-E379-4058-A299-715761C174AE}.Debug|x64.ActiveCfg = Debug|x64
		{8A309D42-E379-4058-A299-715761C174AE}.Debug|x64.Build.0 = Debug|x64
		{8A309D42-E379-4058-A299-715761C174AE}.Debug|x86.ActiveCfg = Debug|Win32
		{8A309D42-E379-4058-A299-715761C174AE}.Debug|x86.Build.0 = Debug|Win32
		{8A309D42-E379-4058-A299-715761C174AE}.Release|x64.ActiveCfg = Release|x64
		{8A309D42-E379-4058-A299-715761C174AE}.Release|x64.Build.0 = Release|x64
		{8A309D42-E379-4058-A299-715761C174AE}.Release|x86.ActiveCfg = Release|Win32
		{8A309D42-E379-4058-A299-715761C174AE}.Release|x86.Build.0 = Release|Win32
		{D751FAE1-E7A5-4717-864C-64AE6A8E9934}.Debug|x64.ActiveCfg = Debug|x64
		{D751FAE1-E7A5-4717-864C-64AE6A8E9934}.Debug|x64.Build.0 = Debug|x64
		{D751FAE1-E7A5-4717-864C-64AE6A8E9934}.Debug|x86.ActiveCfg = Debug|Win32
		{D751FAE1-E7A5-4717-864C-64AE6A8E9934}.Debug|x86.Build.0 = Debug|Win32
		{D751FAE1-E7A5-4717-864C-64AE6A8E9934}.Release|x64.ActiveCfg = Release|x64
		{D751FAE1-E7A5-4717-864C-64AE6A8E9934}.Release|x64.Build.0 = Release|x64
		{D751FAE1-E7A5-4717-864C-64AE6A8E9934}.Release|x86.ActiveCfg = Release|Win32
		{D751FAE1-E7A5-4717-864C-64AE6A8E9934}.Release|x86.Build.0 = Release|Win32
		{6D81833B-4586-474B-AD5B-B49DBC18A181}.Debug|x64.ActiveCfg = Debug|x64
		{6D81833B-4586-474B-AD5B-B49DBC18A181}.Debug|x64.Build.0 = Debug|x64
		{6D81833B-4586-474B-AD5B-B49DBC18A181}.Debug|x86.ActiveCfg = Debug|Win32
		{6D81833B-4586-474B-AD5B-B49DBC18A181}.Debug|x86.Build.0 = Debug|Win32
		{6D81833B-4586-474B-AD5B-B49DBC18A181}.Release|x64.ActiveCfg = Release|x64
		{6D81833B-4586-474B-AD5B-B49DBC18A181}.Release|x64.Build.0 = Release|x64
		{6D81833B-4586-474B-AD5B-B49DBC18A181}.Release|x86.ActiveCfg = Release|Win32
		{6D81833B-4586-474B-AD5B-B49DBC18A181}.Release|x86.Build.0 = Release|Win32
		{6E42AD30-D5D8-4716-8CB7-3369FA6D7583}.Debug|x64.ActiveCfg = Debug|x64
		{6E42AD30-D5D8-4716-8CB7-3369FA6D7583}.Debug|x64.Build.0 = Debug|x64
		{6E42AD30-D5D8-4716-8CB7-3369FA6D7583}.Debug|x86.ActiveCfg = Debug|Win32
		{6E42AD30-D5D8-4716-8CB7-3369FA6D7583}.Debug|x86.Build.0 = Debug|Win32
		{6E42AD30-D5D8-4716-8CB7-3369FA6D7583}.Release|x64.ActiveCfg = Release|x64
		{6E42AD30-D5D8-4716-8CB7-3369FA6D7583}.Release|x64.Build.0 = Release|x64
		{6E42AD30-D5D8-4716-8CB7-3369FA6D7583}.Release|x86.ActiveCfg = Release|Win32
		{6E42AD30-D5D8-4716-8CB7-3369FA6D7583}.Release|x86.Build.0 = Release|Win32
		{9EEBC794-830A-46B5-9D44-EA274D0A24B6}.Debug|x64.ActiveCfg = Debug|x64
		{9EEBC794-830A-46B5-9D44-EA274D0A24B6}.Debug|x64.Build.0 = Debug|x64
		{9EEBC794-830A-46B5-9D44-EA274D0A24B6}.Debug|x86.ActiveCfg = Debug|Win32
		{9EEBC794-830A-46B5-9D44-EA274D0A24B6}.Debug|x86.Build.0 = Debug|Win32
		{9EEBC794-830A-46B5-9D44-EA274D0A24B6}.Release|x64.ActiveCfg = Release|x64
		{9EEBC794-830A-46B5-9D44-EA274D0A24B6}.Release|x64.Build.0 = Release|x64
		{9EEBC794-830A-46B5-9D44-EA274D0A24B6}.Release|x86.ActiveCfg = Release|Win32
		{9EEBC794-830A-46B5-9D44-EA274D0A24B6}.Release|x86.Build.0 = Release|Win32
		{A97CD7E1-D213-48F3-A823-59C8DE0ACDEF}.Debug|x64.ActiveCfg = Debug|x64
		{A97CD7E1-D213-48F3-A823-59C8DE0ACDEF}.Debug|x64.Build.0 = Debug|x64
		{A97CD7E1-D213-48F3-A823-59C8DE0ACDEF}.Debug|x86.ActiveCfg = Debug|Win32
		{A97CD7E1-D213-48F3-A823-59C8DE0ACDEF}.Debug|x86.Build.0 = Debug|Win32
		{A97CD7E1-D213-48F3-A823-59C8DE0ACDEF}.Release|x64.ActiveCfg = Release|x64
		{A97CD7E1-D213-48F3-A823-59C8DE0ACDEF}.Release|x64.Build.0 = Release|x64
		{A97CD7E1-D213-48F3-A823-59C8DE0ACDEF}.Release|x86.ActiveCfg = Release|Win32
		{A97CD7E1-D213-48F3-A823-59C8DE0ACDEF}.Release|x86.Build.0 = Release|Win32
		{FC915D02-CAB1-4DF7-8C1E-464DCBD2130C}.Debug|x64.ActiveCfg = Debug|x64
		{FC915D02-CAB1-4DF7-8C1E-464DCBD2130C}.Debug|x64.Build.0 = Debug|x64
		{FC915D02-CAB1-4DF7-8C1E-464DCBD2130C}.Debug|x86.ActiveCfg = Debug|Win32
		{FC915D02-CAB1-4DF7-8C1E-464DCBD2130C}.Debug|x86.Build.0 = Debug|Win32
		{FC915D02-CAB1-4DF7-8C1E-464DCBD2130C}.Release|x64.ActiveCfg = Release|x64
		{FC915D02-CAB1-4DF7-8C1E-464DCBD2130C}.Release|x64.Build.0 = Release|x64
		{FC915D02-CAB1-4DF7-8C1E-464DCBD2130C}.Release|x86.ActiveCfg = Release|Win32
		{FC915D02-CAB1-4DF7-8C1E-464DCBD2130C}.Release|x86.Build.0 = Release|Win32
	EndGlobalSection
	GlobalSection(SolutionProperties) = preSolution
		HideSolutionNode = FALSE
	EndGlobalSection
EndGlobal
